
Microsoft Visual Studio Solution File, Format Version 12.00
# Visual Studio 15
VisualStudioVersion = 15.0.27428.2043
MinimumVisualStudioVersion = 10.0.40219.1
Project("{FAE04EC0-301F-11D3-BF4B-00C04F79EFBC}") = "FransApp.Android", "FransApp\FransApp.Android\FransApp.Android.csproj", "{52596EE6-352F-4198-BD73-02B71EFD7638}"
EndProject
Project("{FAE04EC0-301F-11D3-BF4B-00C04F79EFBC}") = "FransApp.iOS", "FransApp\FransApp.iOS\FransApp.iOS.csproj", "{D7203CBE-A072-4A89-B5FD-295BE816CC19}"
EndProject
Project("{FAE04EC0-301F-11D3-BF4B-00C04F79EFBC}") = "FransApp.UWP", "FransApp\FransApp.UWP\FransApp.UWP.csproj", "{DE58004C-FEB5-40CB-BFF5-094310CF8E05}"
EndProject
Project("{D954291E-2A0B-460D-934E-DC6B0785DB48}") = "FransApp", "FransApp\FransApp\FransApp.shproj", "{FE05FC49-53B0-457E-9BF5-996C8E127C94}"
EndProject
Global
	GlobalSection(SharedMSBuildProjectFiles) = preSolution
		FransApp\FransApp\FransApp.projitems*{52596ee6-352f-4198-bd73-02b71efd7638}*SharedItemsImports = 4
		FransApp\FransApp\FransApp.projitems*{d7203cbe-a072-4a89-b5fd-295be816cc19}*SharedItemsImports = 4
		FransApp\FransApp\FransApp.projitems*{de58004c-feb5-40cb-bff5-094310cf8e05}*SharedItemsImports = 4
		FransApp\FransApp\FransApp.projitems*{fe05fc49-53b0-457e-9bf5-996c8e127c94}*SharedItemsImports = 13
	EndGlobalSection
	GlobalSection(SolutionConfigurationPlatforms) = preSolution
		Ad-Hoc|Any CPU = Ad-Hoc|Any CPU
		Ad-Hoc|ARM = Ad-Hoc|ARM
		Ad-Hoc|iPhone = Ad-Hoc|iPhone
		Ad-Hoc|iPhoneSimulator = Ad-Hoc|iPhoneSimulator
		Ad-Hoc|x64 = Ad-Hoc|x64
		Ad-Hoc|x86 = Ad-Hoc|x86
		AppStore|Any CPU = AppStore|Any CPU
		AppStore|ARM = AppStore|ARM
		AppStore|iPhone = AppStore|iPhone
		AppStore|iPhoneSimulator = AppStore|iPhoneSimulator
		AppStore|x64 = AppStore|x64
		AppStore|x86 = AppStore|x86
		Debug|Any CPU = Debug|Any CPU
		Debug|ARM = Debug|ARM
		Debug|iPhone = Debug|iPhone
		Debug|iPhoneSimulator = Debug|iPhoneSimulator
		Debug|x64 = Debug|x64
		Debug|x86 = Debug|x86
		Release|Any CPU = Release|Any CPU
		Release|ARM = Release|ARM
		Release|iPhone = Release|iPhone
		Release|iPhoneSimulator = Release|iPhoneSimulator
		Release|x64 = Release|x64
		Release|x86 = Release|x86
	EndGlobalSection
	GlobalSection(ProjectConfigurationPlatforms) = postSolution
		{52596EE6-352F-4198-BD73-02B71EFD7638}.Ad-Hoc|Any CPU.ActiveCfg = Release|Any CPU
		{52596EE6-352F-4198-BD73-02B71EFD7638}.Ad-Hoc|Any CPU.Build.0 = Release|Any CPU
		{52596EE6-352F-4198-BD73-02B71EFD7638}.Ad-Hoc|Any CPU.Deploy.0 = Release|Any CPU
		{52596EE6-352F-4198-BD73-02B71EFD7638}.Ad-Hoc|ARM.ActiveCfg = Release|Any CPU
		{52596EE6-352F-4198-BD73-02B71EFD7638}.Ad-Hoc|ARM.Build.0 = Release|Any CPU
		{52596EE6-352F-4198-BD73-02B71EFD7638}.Ad-Hoc|ARM.Deploy.0 = Release|Any CPU
		{52596EE6-352F-4198-BD73-02B71EFD7638}.Ad-Hoc|iPhone.ActiveCfg = Release|Any CPU
		{52596EE6-352F-4198-BD73-02B71EFD7638}.Ad-Hoc|iPhone.Build.0 = Release|Any CPU
		{52596EE6-352F-4198-BD73-02B71EFD7638}.Ad-Hoc|iPhone.Deploy.0 = Release|Any CPU
		{52596EE6-352F-4198-BD73-02B71EFD7638}.Ad-Hoc|iPhoneSimulator.ActiveCfg = Release|Any CPU
		{52596EE6-352F-4198-BD73-02B71EFD7638}.Ad-Hoc|iPhoneSimulator.Build.0 = Release|Any CPU
		{52596EE6-352F-4198-BD73-02B71EFD7638}.Ad-Hoc|iPhoneSimulator.Deploy.0 = Release|Any CPU
		{52596EE6-352F-4198-BD73-02B71EFD7638}.Ad-Hoc|x64.ActiveCfg = Release|Any CPU
		{52596EE6-352F-4198-BD73-02B71EFD7638}.Ad-Hoc|x64.Build.0 = Release|Any CPU
		{52596EE6-352F-4198-BD73-02B71EFD7638}.Ad-Hoc|x64.Deploy.0 = Release|Any CPU
		{52596EE6-352F-4198-BD73-02B71EFD7638}.Ad-Hoc|x86.ActiveCfg = Release|Any CPU
		{52596EE6-352F-4198-BD73-02B71EFD7638}.Ad-Hoc|x86.Build.0 = Release|Any CPU
		{52596EE6-352F-4198-BD73-02B71EFD7638}.Ad-Hoc|x86.Deploy.0 = Release|Any CPU
		{52596EE6-352F-4198-BD73-02B71EFD7638}.AppStore|Any CPU.ActiveCfg = Release|Any CPU
		{52596EE6-352F-4198-BD73-02B71EFD7638}.AppStore|Any CPU.Build.0 = Release|Any CPU
		{52596EE6-352F-4198-BD73-02B71EFD7638}.AppStore|Any CPU.Deploy.0 = Release|Any CPU
		{52596EE6-352F-4198-BD73-02B71EFD7638}.AppStore|ARM.ActiveCfg = Release|Any CPU
		{52596EE6-352F-4198-BD73-02B71EFD7638}.AppStore|ARM.Build.0 = Release|Any CPU
		{52596EE6-352F-4198-BD73-02B71EFD7638}.AppStore|ARM.Deploy.0 = Release|Any CPU
		{52596EE6-352F-4198-BD73-02B71EFD7638}.AppStore|iPhone.ActiveCfg = Release|Any CPU
		{52596EE6-352F-4198-BD73-02B71EFD7638}.AppStore|iPhone.Build.0 = Release|Any CPU
		{52596EE6-352F-4198-BD73-02B71EFD7638}.AppStore|iPhone.Deploy.0 = Release|Any CPU
		{52596EE6-352F-4198-BD73-02B71EFD7638}.AppStore|iPhoneSimulator.ActiveCfg = Release|Any CPU
		{52596EE6-352F-4198-BD73-02B71EFD7638}.AppStore|iPhoneSimulator.Build.0 = Release|Any CPU
		{52596EE6-352F-4198-BD73-02B71EFD7638}.AppStore|iPhoneSimulator.Deploy.0 = Release|Any CPU
		{52596EE6-352F-4198-BD73-02B71EFD7638}.AppStore|x64.ActiveCfg = Release|Any CPU
		{52596EE6-352F-4198-BD73-02B71EFD7638}.AppStore|x64.Build.0 = Release|Any CPU
		{52596EE6-352F-4198-BD73-02B71EFD7638}.AppStore|x64.Deploy.0 = Release|Any CPU
		{52596EE6-352F-4198-BD73-02B71EFD7638}.AppStore|x86.ActiveCfg = Release|Any CPU
		{52596EE6-352F-4198-BD73-02B71EFD7638}.AppStore|x86.Build.0 = Release|Any CPU
		{52596EE6-352F-4198-BD73-02B71EFD7638}.AppStore|x86.Deploy.0 = Release|Any CPU
		{52596EE6-352F-4198-BD73-02B71EFD7638}.Debug|Any CPU.ActiveCfg = Debug|Any CPU
		{52596EE6-352F-4198-BD73-02B71EFD7638}.Debug|Any CPU.Build.0 = Debug|Any CPU
		{52596EE6-352F-4198-BD73-02B71EFD7638}.Debug|Any CPU.Deploy.0 = Debug|Any CPU
		{52596EE6-352F-4198-BD73-02B71EFD7638}.Debug|ARM.ActiveCfg = Debug|Any CPU
		{52596EE6-352F-4198-BD73-02B71EFD7638}.Debug|ARM.Build.0 = Debug|Any CPU
		{52596EE6-352F-4198-BD73-02B71EFD7638}.Debug|ARM.Deploy.0 = Debug|Any CPU
		{52596EE6-352F-4198-BD73-02B71EFD7638}.Debug|iPhone.ActiveCfg = Debug|Any CPU
		{52596EE6-352F-4198-BD73-02B71EFD7638}.Debug|iPhone.Build.0 = Debug|Any CPU
		{52596EE6-352F-4198-BD73-02B71EFD7638}.Debug|iPhone.Deploy.0 = Debug|Any CPU
		{52596EE6-352F-4198-BD73-02B71EFD7638}.Debug|iPhoneSimulator.ActiveCfg = Debug|Any CPU
		{52596EE6-352F-4198-BD73-02B71EFD7638}.Debug|iPhoneSimulator.Build.0 = Debug|Any CPU
		{52596EE6-352F-4198-BD73-02B71EFD7638}.Debug|iPhoneSimulator.Deploy.0 = Debug|Any CPU
		{52596EE6-352F-4198-BD73-02B71EFD7638}.Debug|x64.ActiveCfg = Debug|Any CPU
		{52596EE6-352F-4198-BD73-02B71EFD7638}.Debug|x64.Build.0 = Debug|Any CPU
		{52596EE6-352F-4198-BD73-02B71EFD7638}.Debug|x64.Deploy.0 = Debug|Any CPU
		{52596EE6-352F-4198-BD73-02B71EFD7638}.Debug|x86.ActiveCfg = Debug|Any CPU
		{52596EE6-352F-4198-BD73-02B71EFD7638}.Debug|x86.Build.0 = Debug|Any CPU
		{52596EE6-352F-4198-BD73-02B71EFD7638}.Debug|x86.Deploy.0 = Debug|Any CPU
		{52596EE6-352F-4198-BD73-02B71EFD7638}.Release|Any CPU.ActiveCfg = Release|Any CPU
		{52596EE6-352F-4198-BD73-02B71EFD7638}.Release|Any CPU.Build.0 = Release|Any CPU
		{52596EE6-352F-4198-BD73-02B71EFD7638}.Release|Any CPU.Deploy.0 = Release|Any CPU
		{52596EE6-352F-4198-BD73-02B71EFD7638}.Release|ARM.ActiveCfg = Release|Any CPU
		{52596EE6-352F-4198-BD73-02B71EFD7638}.Release|ARM.Build.0 = Release|Any CPU
		{52596EE6-352F-4198-BD73-02B71EFD7638}.Release|ARM.Deploy.0 = Release|Any CPU
		{52596EE6-352F-4198-BD73-02B71EFD7638}.Release|iPhone.ActiveCfg = Release|Any CPU
		{52596EE6-352F-4198-BD73-02B71EFD7638}.Release|iPhone.Build.0 = Release|Any CPU
		{52596EE6-352F-4198-BD73-02B71EFD7638}.Release|iPhone.Deploy.0 = Release|Any CPU
		{52596EE6-352F-4198-BD73-02B71EFD7638}.Release|iPhoneSimulator.ActiveCfg = Release|Any CPU
		{52596EE6-352F-4198-BD73-02B71EFD7638}.Release|iPhoneSimulator.Build.0 = Release|Any CPU
		{52596EE6-352F-4198-BD73-02B71EFD7638}.Release|iPhoneSimulator.Deploy.0 = Release|Any CPU
		{52596EE6-352F-4198-BD73-02B71EFD7638}.Release|x64.ActiveCfg = Release|Any CPU
		{52596EE6-352F-4198-BD73-02B71EFD7638}.Release|x64.Build.0 = Release|Any CPU
		{52596EE6-352F-4198-BD73-02B71EFD7638}.Release|x64.Deploy.0 = Release|Any CPU
		{52596EE6-352F-4198-BD73-02B71EFD7638}.Release|x86.ActiveCfg = Release|Any CPU
		{52596EE6-352F-4198-BD73-02B71EFD7638}.Release|x86.Build.0 = Release|Any CPU
		{52596EE6-352F-4198-BD73-02B71EFD7638}.Release|x86.Deploy.0 = Release|Any CPU
		{D7203CBE-A072-4A89-B5FD-295BE816CC19}.Ad-Hoc|Any CPU.ActiveCfg = Ad-Hoc|iPhone
		{D7203CBE-A072-4A89-B5FD-295BE816CC19}.Ad-Hoc|ARM.ActiveCfg = Ad-Hoc|iPhone
		{D7203CBE-A072-4A89-B5FD-295BE816CC19}.Ad-Hoc|iPhone.ActiveCfg = Ad-Hoc|iPhone
		{D7203CBE-A072-4A89-B5FD-295BE816CC19}.Ad-Hoc|iPhone.Build.0 = Ad-Hoc|iPhone
		{D7203CBE-A072-4A89-B5FD-295BE816CC19}.Ad-Hoc|iPhoneSimulator.ActiveCfg = Ad-Hoc|iPhoneSimulator
		{D7203CBE-A072-4A89-B5FD-295BE816CC19}.Ad-Hoc|iPhoneSimulator.Build.0 = Ad-Hoc|iPhoneSimulator
		{D7203CBE-A072-4A89-B5FD-295BE816CC19}.Ad-Hoc|x64.ActiveCfg = Ad-Hoc|iPhone
		{D7203CBE-A072-4A89-B5FD-295BE816CC19}.Ad-Hoc|x86.ActiveCfg = Ad-Hoc|iPhone
		{D7203CBE-A072-4A89-B5FD-295BE816CC19}.AppStore|Any CPU.ActiveCfg = AppStore|iPhone
		{D7203CBE-A072-4A89-B5FD-295BE816CC19}.AppStore|ARM.ActiveCfg = AppStore|iPhone
		{D7203CBE-A072-4A89-B5FD-295BE816CC19}.AppStore|iPhone.ActiveCfg = AppStore|iPhone
		{D7203CBE-A072-4A89-B5FD-295BE816CC19}.AppStore|iPhone.Build.0 = AppStore|iPhone
		{D7203CBE-A072-4A89-B5FD-295BE816CC19}.AppStore|iPhoneSimulator.ActiveCfg = AppStore|iPhoneSimulator
		{D7203CBE-A072-4A89-B5FD-295BE816CC19}.AppStore|iPhoneSimulator.Build.0 = AppStore|iPhoneSimulator
		{D7203CBE-A072-4A89-B5FD-295BE816CC19}.AppStore|x64.ActiveCfg = AppStore|iPhone
		{D7203CBE-A072-4A89-B5FD-295BE816CC19}.AppStore|x86.ActiveCfg = AppStore|iPhone
		{D7203CBE-A072-4A89-B5FD-295BE816CC19}.Debug|Any CPU.ActiveCfg = Debug|iPhone
		{D7203CBE-A072-4A89-B5FD-295BE816CC19}.Debug|ARM.ActiveCfg = Debug|iPhone
		{D7203CBE-A072-4A89-B5FD-295BE816CC19}.Debug|iPhone.ActiveCfg = Debug|iPhone
		{D7203CBE-A072-4A89-B5FD-295BE816CC19}.Debug|iPhone.Build.0 = Debug|iPhone
		{D7203CBE-A072-4A89-B5FD-295BE816CC19}.Debug|iPhoneSimulator.ActiveCfg = Debug|iPhoneSimulator
		{D7203CBE-A072-4A89-B5FD-295BE816CC19}.Debug|iPhoneSimulator.Build.0 = Debug|iPhoneSimulator
		{D7203CBE-A072-4A89-B5FD-295BE816CC19}.Debug|x64.ActiveCfg = Debug|iPhone
		{D7203CBE-A072-4A89-B5FD-295BE816CC19}.Debug|x86.ActiveCfg = Debug|iPhone
		{D7203CBE-A072-4A89-B5FD-295BE816CC19}.Release|Any CPU.ActiveCfg = Release|iPhone
		{D7203CBE-A072-4A89-B5FD-295BE816CC19}.Release|ARM.ActiveCfg = Release|iPhone
		{D7203CBE-A072-4A89-B5FD-295BE816CC19}.Release|iPhone.ActiveCfg = Release|iPhone
		{D7203CBE-A072-4A89-B5FD-295BE816CC19}.Release|iPhone.Build.0 = Release|iPhone
		{D7203CBE-A072-4A89-B5FD-295BE816CC19}.Release|iPhoneSimulator.ActiveCfg = Release|iPhoneSimulator
		{D7203CBE-A072-4A89-B5FD-295BE816CC19}.Release|iPhoneSimulator.Build.0 = Release|iPhoneSimulator
		{D7203CBE-A072-4A89-B5FD-295BE816CC19}.Release|x64.ActiveCfg = Release|iPhone
		{D7203CBE-A072-4A89-B5FD-295BE816CC19}.Release|x86.ActiveCfg = Release|iPhone
		{DE58004C-FEB5-40CB-BFF5-094310CF8E05}.Ad-Hoc|Any CPU.ActiveCfg = Release|x86
		{DE58004C-FEB5-40CB-BFF5-094310CF8E05}.Ad-Hoc|Any CPU.Build.0 = Release|x86
		{DE58004C-FEB5-40CB-BFF5-094310CF8E05}.Ad-Hoc|Any CPU.Deploy.0 = Release|x86
		{DE58004C-FEB5-40CB-BFF5-094310CF8E05}.Ad-Hoc|ARM.ActiveCfg = Release|ARM
		{DE58004C-FEB5-40CB-BFF5-094310CF8E05}.Ad-Hoc|ARM.Build.0 = Release|ARM
		{DE58004C-FEB5-40CB-BFF5-094310CF8E05}.Ad-Hoc|ARM.Deploy.0 = Release|ARM
		{DE58004C-FEB5-40CB-BFF5-094310CF8E05}.Ad-Hoc|iPhone.ActiveCfg = Release|x86
		{DE58004C-FEB5-40CB-BFF5-094310CF8E05}.Ad-Hoc|iPhone.Build.0 = Release|x86
		{DE58004C-FEB5-40CB-BFF5-094310CF8E05}.Ad-Hoc|iPhone.Deploy.0 = Release|x86
		{DE58004C-FEB5-40CB-BFF5-094310CF8E05}.Ad-Hoc|iPhoneSimulator.ActiveCfg = Release|x86
		{DE58004C-FEB5-40CB-BFF5-094310CF8E05}.Ad-Hoc|iPhoneSimulator.Build.0 = Release|x86
		{DE58004C-FEB5-40CB-BFF5-094310CF8E05}.Ad-Hoc|iPhoneSimulator.Deploy.0 = Release|x86
		{DE58004C-FEB5-40CB-BFF5-094310CF8E05}.Ad-Hoc|x64.ActiveCfg = Release|x64
		{DE58004C-FEB5-40CB-BFF5-094310CF8E05}.Ad-Hoc|x64.Build.0 = Release|x64
		{DE58004C-FEB5-40CB-BFF5-094310CF8E05}.Ad-Hoc|x64.Deploy.0 = Release|x64
		{DE58004C-FEB5-40CB-BFF5-094310CF8E05}.Ad-Hoc|x86.ActiveCfg = Release|x86
		{DE58004C-FEB5-40CB-BFF5-094310CF8E05}.Ad-Hoc|x86.Build.0 = Release|x86
		{DE58004C-FEB5-40CB-BFF5-094310CF8E05}.Ad-Hoc|x86.Deploy.0 = Release|x86
		{DE58004C-FEB5-40CB-BFF5-094310CF8E05}.AppStore|Any CPU.ActiveCfg = Release|x86
		{DE58004C-FEB5-40CB-BFF5-094310CF8E05}.AppStore|Any CPU.Build.0 = Release|x86
		{DE58004C-FEB5-40CB-BFF5-094310CF8E05}.AppStore|Any CPU.Deploy.0 = Release|x86
		{DE58004C-FEB5-40CB-BFF5-094310CF8E05}.AppStore|ARM.ActiveCfg = Release|ARM
		{DE58004C-FEB5-40CB-BFF5-094310CF8E05}.AppStore|ARM.Build.0 = Release|ARM
		{DE58004C-FEB5-40CB-BFF5-094310CF8E05}.AppStore|ARM.Deploy.0 = Release|ARM
		{DE58004C-FEB5-40CB-BFF5-094310CF8E05}.AppStore|iPhone.ActiveCfg = Release|x86
		{DE58004C-FEB5-40CB-BFF5-094310CF8E05}.AppStore|iPhone.Build.0 = Release|x86
		{DE58004C-FEB5-40CB-BFF5-094310CF8E05}.AppStore|iPhone.Deploy.0 = Release|x86
		{DE58004C-FEB5-40CB-BFF5-094310CF8E05}.AppStore|iPhoneSimulator.ActiveCfg = Release|x86
		{DE58004C-FEB5-40CB-BFF5-094310CF8E05}.AppStore|iPhoneSimulator.Build.0 = Release|x86
		{DE58004C-FEB5-40CB-BFF5-094310CF8E05}.AppStore|iPhoneSimulator.Deploy.0 = Release|x86
		{DE58004C-FEB5-40CB-BFF5-094310CF8E05}.AppStore|x64.ActiveCfg = Release|x64
		{DE58004C-FEB5-40CB-BFF5-094310CF8E05}.AppStore|x64.Build.0 = Release|x64
		{DE58004C-FEB5-40CB-BFF5-094310CF8E05}.AppStore|x64.Deploy.0 = Release|x64
		{DE58004C-FEB5-40CB-BFF5-094310CF8E05}.AppStore|x86.ActiveCfg = Release|x86
		{DE58004C-FEB5-40CB-BFF5-094310CF8E05}.AppStore|x86.Build.0 = Release|x86
		{DE58004C-FEB5-40CB-BFF5-094310CF8E05}.AppStore|x86.Deploy.0 = Release|x86
		{DE58004C-FEB5-40CB-BFF5-094310CF8E05}.Debug|Any CPU.ActiveCfg = Debug|x86
		{DE58004C-FEB5-40CB-BFF5-094310CF8E05}.Debug|ARM.ActiveCfg = Debug|ARM
		{DE58004C-FEB5-40CB-BFF5-094310CF8E05}.Debug|ARM.Build.0 = Debug|ARM
		{DE58004C-FEB5-40CB-BFF5-094310CF8E05}.Debug|ARM.Deploy.0 = Debug|ARM
		{DE58004C-FEB5-40CB-BFF5-094310CF8E05}.Debug|iPhone.ActiveCfg = Debug|x86
		{DE58004C-FEB5-40CB-BFF5-094310CF8E05}.Debug|iPhoneSimulator.ActiveCfg = Debug|x86
		{DE58004C-FEB5-40CB-BFF5-094310CF8E05}.Debug|x64.ActiveCfg = Debug|x64
		{DE58004C-FEB5-40CB-BFF5-094310CF8E05}.Debug|x64.Build.0 = Debug|x64
		{DE58004C-FEB5-40CB-BFF5-094310CF8E05}.Debug|x64.Deploy.0 = Debug|x64
		{DE58004C-FEB5-40CB-BFF5-094310CF8E05}.Debug|x86.ActiveCfg = Debug|x86
		{DE58004C-FEB5-40CB-BFF5-094310CF8E05}.Debug|x86.Build.0 = Debug|x86
		{DE58004C-FEB5-40CB-BFF5-094310CF8E05}.Debug|x86.Deploy.0 = Debug|x86
		{DE58004C-FEB5-40CB-BFF5-094310CF8E05}.Release|Any CPU.ActiveCfg = Release|x86
		{DE58004C-FEB5-40CB-BFF5-094310CF8E05}.Release|ARM.ActiveCfg = Release|ARM
		{DE58004C-FEB5-40CB-BFF5-094310CF8E05}.Release|ARM.Build.0 = Release|ARM
		{DE58004C-FEB5-40CB-BFF5-094310CF8E05}.Release|ARM.Deploy.0 = Release|ARM
		{DE58004C-FEB5-40CB-BFF5-094310CF8E05}.Release|iPhone.ActiveCfg = Release|x86
		{DE58004C-FEB5-40CB-BFF5-094310CF8E05}.Release|iPhoneSimulator.ActiveCfg = Release|x86
		{DE58004C-FEB5-40CB-BFF5-094310CF8E05}.Release|x64.ActiveCfg = Release|x64
		{DE58004C-FEB5-40CB-BFF5-094310CF8E05}.Release|x64.Build.0 = Release|x64
		{DE58004C-FEB5-40CB-BFF5-094310CF8E05}.Release|x64.Deploy.0 = Release|x64
		{DE58004C-FEB5-40CB-BFF5-094310CF8E05}.Release|x86.ActiveCfg = Release|x86
		{DE58004C-FEB5-40CB-BFF5-094310CF8E05}.Release|x86.Build.0 = Release|x86
		{DE58004C-FEB5-40CB-BFF5-094310CF8E05}.Release|x86.Deploy.0 = Release|x86
	EndGlobalSection
	GlobalSection(SolutionProperties) = preSolution
		HideSolutionNode = FALSE
	EndGlobalSection
	GlobalSection(ExtensibilityGlobals) = postSolution
		SolutionGuid = {DC8A224E-AC54-4A7F-9B08-E70BC3787C0A}
	EndGlobalSection
EndGlobal
